
Microsoft Visual Studio Solution File, Format Version 11.00
# Visual Studio 2010
Project("{FAE04EC0-301F-11D3-BF4B-00C04F79EFBC}") = "SimpleWebTransport", "SimpleWebTransport.csproj", "{5EBA92DF-FC9A-7C9F-8788-7A00CFDC2E64}"
EndProject
Project("{FAE04EC0-301F-11D3-BF4B-00C04F79EFBC}") = "Mirror", "Mirror.csproj", "{3820C65B-7E81-8C2F-9674-53D28528B21F}"
EndProject
Project("{FAE04EC0-301F-11D3-BF4B-00C04F79EFBC}") = "Assembly-CSharp", "Assembly-CSharp.csproj", "{4BA99CCB-3698-FFBD-184B-E626B1DBE389}"
EndProject
Project("{FAE04EC0-301F-11D3-BF4B-00C04F79EFBC}") = "Telepathy", "Telepathy.csproj", "{80882D86-521E-29FD-1836-DDFB8C1A4C85}"
EndProject
Project("{FAE04EC0-301F-11D3-BF4B-00C04F79EFBC}") = "Mirror.Examples", "Mirror.Examples.csproj", "{ED54125D-B407-B692-5B5E-69484F01596D}"
EndProject
Project("{FAE04EC0-301F-11D3-BF4B-00C04F79EFBC}") = "Mirror.Components", "Mirror.Components.csproj", "{0F9B0E11-E908-5764-CA7E-67B4E7AA3981}"
EndProject
Project("{FAE04EC0-301F-11D3-BF4B-00C04F79EFBC}") = "where-allocations", "where-allocations.csproj", "{7F141969-3655-396E-A1DC-E3FB27611C43}"
EndProject
Project("{FAE04EC0-301F-11D3-BF4B-00C04F79EFBC}") = "kcp2k", "kcp2k.csproj", "{67903980-30EF-060A-56C1-971815132A16}"
EndProject
Project("{FAE04EC0-301F-11D3-BF4B-00C04F79EFBC}") = "Mirror.Authenticators", "Mirror.Authenticators.csproj", "{4E2E9203-600C-07D9-3EF6-9E9BC8228816}"
EndProject
Project("{FAE04EC0-301F-11D3-BF4B-00C04F79EFBC}") = "Unity.Mirror.CodeGen", "Unity.Mirror.CodeGen.csproj", "{681CCC96-38EB-9D75-B9BB-79C98B835D6F}"
EndProject
Project("{FAE04EC0-301F-11D3-BF4B-00C04F79EFBC}") = "Mirror.Editor", "Mirror.Editor.csproj", "{38D7E16A-00E3-A74B-65DF-E9858719A3AA}"
EndProject
Project("{FAE04EC0-301F-11D3-BF4B-00C04F79EFBC}") = "Mirror.CompilerSymbols", "Mirror.CompilerSymbols.csproj", "{85C004A8-2E94-77F6-DE58-4C0F97466370}"
EndProject
Global
	GlobalSection(SolutionConfigurationPlatforms) = preSolution
		Debug|Any CPU = Debug|Any CPU
		Release|Any CPU = Release|Any CPU
	EndGlobalSection
	GlobalSection(ProjectConfigurationPlatforms) = postSolution
		{5EBA92DF-FC9A-7C9F-8788-7A00CFDC2E64}.Debug|Any CPU.ActiveCfg = Debug|Any CPU
		{5EBA92DF-FC9A-7C9F-8788-7A00CFDC2E64}.Debug|Any CPU.Build.0 = Debug|Any CPU
		{5EBA92DF-FC9A-7C9F-8788-7A00CFDC2E64}.Release|Any CPU.ActiveCfg = Release|Any CPU
		{5EBA92DF-FC9A-7C9F-8788-7A00CFDC2E64}.Release|Any CPU.Build.0 = Release|Any CPU
		{3820C65B-7E81-8C2F-9674-53D28528B21F}.Debug|Any CPU.ActiveCfg = Debug|Any CPU
		{3820C65B-7E81-8C2F-9674-53D28528B21F}.Debug|Any CPU.Build.0 = Debug|Any CPU
		{3820C65B-7E81-8C2F-9674-53D28528B21F}.Release|Any CPU.ActiveCfg = Release|Any CPU
		{3820C65B-7E81-8C2F-9674-53D28528B21F}.Release|Any CPU.Build.0 = Release|Any CPU
		{4BA99CCB-3698-FFBD-184B-E626B1DBE389}.Debug|Any CPU.ActiveCfg = Debug|Any CPU
		{4BA99CCB-3698-FFBD-184B-E626B1DBE389}.Debug|Any CPU.Build.0 = Debug|Any CPU
		{4BA99CCB-3698-FFBD-184B-E626B1DBE389}.Release|Any CPU.ActiveCfg = Release|Any CPU
		{4BA99CCB-3698-FFBD-184B-E626B1DBE389}.Release|Any CPU.Build.0 = Release|Any CPU
		{80882D86-521E-29FD-1836-DDFB8C1A4C85}.Debug|Any CPU.ActiveCfg = Debug|Any CPU
		{80882D86-521E-29FD-1836-DDFB8C1A4C85}.Debug|Any CPU.Build.0 = Debug|Any CPU
		{80882D86-521E-29FD-1836-DDFB8C1A4C85}.Release|Any CPU.ActiveCfg = Release|Any CPU
		{80882D86-521E-29FD-1836-DDFB8C1A4C85}.Release|Any CPU.Build.0 = Release|Any CPU
		{ED54125D-B407-B692-5B5E-69484F01596D}.Debug|Any CPU.ActiveCfg = Debug|Any CPU
		{ED54125D-B407-B692-5B5E-69484F01596D}.Debug|Any CPU.Build.0 = Debug|Any CPU
		{ED54125D-B407-B692-5B5E-69484F01596D}.Release|Any CPU.ActiveCfg = Release|Any CPU
		{ED54125D-B407-B692-5B5E-69484F01596D}.Release|Any CPU.Build.0 = Release|Any CPU
		{0F9B0E11-E908-5764-CA7E-67B4E7AA3981}.Debug|Any CPU.ActiveCfg = Debug|Any CPU
		{0F9B0E11-E908-5764-CA7E-67B4E7AA3981}.Debug|Any CPU.Build.0 = Debug|Any CPU
		{0F9B0E11-E908-5764-CA7E-67B4E7AA3981}.Release|Any CPU.ActiveCfg = Release|Any CPU
		{0F9B0E11-E908-5764-CA7E-67B4E7AA3981}.Release|Any CPU.Build.0 = Release|Any CPU
		{7F141969-3655-396E-A1DC-E3FB27611C43}.Debug|Any CPU.ActiveCfg = Debug|Any CPU
		{7F141969-3655-396E-A1DC-E3FB27611C43}.Debug|Any CPU.Build.0 = Debug|Any CPU
		{7F141969-3655-396E-A1DC-E3FB27611C43}.Release|Any CPU.ActiveCfg = Release|Any CPU
		{7F141969-3655-396E-A1DC-E3FB27611C43}.Release|Any CPU.Build.0 = Release|Any CPU
		{67903980-30EF-060A-56C1-971815132A16}.Debug|Any CPU.ActiveCfg = Debug|Any CPU
		{67903980-30EF-060A-56C1-971815132A16}.Debug|Any CPU.Build.0 = Debug|Any CPU
		{67903980-30EF-060A-56C1-971815132A16}.Release|Any CPU.ActiveCfg = Release|Any CPU
		{67903980-30EF-060A-56C1-971815132A16}.Release|Any CPU.Build.0 = Release|Any CPU
		{4E2E9203-600C-07D9-3EF6-9E9BC8228816}.Debug|Any CPU.ActiveCfg = Debug|Any CPU
		{4E2E9203-600C-07D9-3EF6-9E9BC8228816}.Debug|Any CPU.Build.0 = Debug|Any CPU
		{4E2E9203-600C-07D9-3EF6-9E9BC8228816}.Release|Any CPU.ActiveCfg = Release|Any CPU
		{4E2E9203-600C-07D9-3EF6-9E9BC8228816}.Release|Any CPU.Build.0 = Release|Any CPU
		{681CCC96-38EB-9D75-B9BB-79C98B835D6F}.Debug|Any CPU.ActiveCfg = Debug|Any CPU
		{681CCC96-38EB-9D75-B9BB-79C98B835D6F}.Debug|Any CPU.Build.0 = Debug|Any CPU
		{681CCC96-38EB-9D75-B9BB-79C98B835D6F}.Release|Any CPU.ActiveCfg = Release|Any CPU
		{681CCC96-38EB-9D75-B9BB-79C98B835D6F}.Release|Any CPU.Build.0 = Release|Any CPU
		{38D7E16A-00E3-A74B-65DF-E9858719A3AA}.Debug|Any CPU.ActiveCfg = Debug|Any CPU
		{38D7E16A-00E3-A74B-65DF-E9858719A3AA}.Debug|Any CPU.Build.0 = Debug|Any CPU
		{38D7E16A-00E3-A74B-65DF-E9858719A3AA}.Release|Any CPU.ActiveCfg = Release|Any CPU
		{38D7E16A-00E3-A74B-65DF-E9858719A3AA}.Release|Any CPU.Build.0 = Release|Any CPU
		{85C004A8-2E94-77F6-DE58-4C0F97466370}.Debug|Any CPU.ActiveCfg = Debug|Any CPU
		{85C004A8-2E94-77F6-DE58-4C0F97466370}.Debug|Any CPU.Build.0 = Debug|Any CPU
		{85C004A8-2E94-77F6-DE58-4C0F97466370}.Release|Any CPU.ActiveCfg = Release|Any CPU
		{85C004A8-2E94-77F6-DE58-4C0F97466370}.Release|Any CPU.Build.0 = Release|Any CPU
	EndGlobalSection
	GlobalSection(SolutionProperties) = preSolution
		HideSolutionNode = FALSE
	EndGlobalSection
EndGlobal
